// !$*UTF8*$!
{
	archiveVersion = 1;
	classes = {
	};
	objectVersion = 46;
	objects = {

/* Begin PBXBuildFile section */
		D28EFBE81CBE7F8C0012F8DB /* main.m in Sources */ = {isa = PBXBuildFile; fileRef = D28EFBE71CBE7F8C0012F8DB /* main.m */; };
		D28EFBEB1CBE7F8C0012F8DB /* AppDelegate.m in Sources */ = {isa = PBXBuildFile; fileRef = D28EFBEA1CBE7F8C0012F8DB /* AppDelegate.m */; };
		D28EFBEE1CBE7F8C0012F8DB /* ViewController.m in Sources */ = {isa = PBXBuildFile; fileRef = D28EFBED1CBE7F8C0012F8DB /* ViewController.m */; };
		D28EFBF11CBE7F8C0012F8DB /* Main.storyboard in Resources */ = {isa = PBXBuildFile; fileRef = D28EFBEF1CBE7F8C0012F8DB /* Main.storyboard */; };
		D28EFBF31CBE7F8C0012F8DB /* Assets.xcassets in Resources */ = {isa = PBXBuildFile; fileRef = D28EFBF21CBE7F8C0012F8DB /* Assets.xcassets */; };
		D28EFBF61CBE7F8C0012F8DB /* LaunchScreen.storyboard in Resources */ = {isa = PBXBuildFile; fileRef = D28EFBF41CBE7F8C0012F8DB /* LaunchScreen.storyboard */; };
		D28EFC011CBE7F8D0012F8DB /* io0ijnTests.m in Sources */ = {isa = PBXBuildFile; fileRef = D28EFC001CBE7F8D0012F8DB /* io0ijnTests.m */; };
		D28EFC0C1CBE7F8D0012F8DB /* io0ijnUITests.m in Sources */ = {isa = PBXBuildFile; fileRef = D28EFC0B1CBE7F8D0012F8DB /* io0ijnUITests.m */; };
/* End PBXBuildFile section */

/* Begin PBXContainerItemProxy section */
		D28EFBFD1CBE7F8D0012F8DB /* PBXContainerItemProxy */ = {
			isa = PBXContainerItemProxy;
			containerPortal = D28EFBDB1CBE7F8C0012F8DB /* Project object */;
			proxyType = 1;
			remoteGlobalIDString = D28EFBE21CBE7F8C0012F8DB;
			remoteInfo = io0ijn;
		};
		D28EFC081CBE7F8D0012F8DB /* PBXContainerItemProxy */ = {
			isa = PBXContainerItemProxy;
			containerPortal = D28EFBDB1CBE7F8C0012F8DB /* Project object */;
			proxyType = 1;
			remoteGlobalIDString = D28EFBE21CBE7F8C0012F8DB;
			remoteInfo = io0ijn;
		};
/* End PBXContainerItemProxy section */

/* Begin PBXFileReference section */
		D28EFBE31CBE7F8C0012F8DB /* io0ijn.app */ = {isa = PBXFileReference; explicitFileType = wrapper.application; includeInIndex = 0; path = io0ijn.app; sourceTree = BUILT_PRODUCTS_DIR; };
		D28EFBE71CBE7F8C0012F8DB /* main.m */ = {isa = PBXFileReference; lastKnownFileType = sourcecode.c.objc; path = main.m; sourceTree = "<group>"; };
		D28EFBE91CBE7F8C0012F8DB /* AppDelegate.h */ = {isa = PBXFileReference; lastKnownFileType = sourcecode.c.h; path = AppDelegate.h; sourceTree = "<group>"; };
		D28EFBEA1CBE7F8C0012F8DB /* AppDelegate.m */ = {isa = PBXFileReference; lastKnownFileType = sourcecode.c.objc; path = AppDelegate.m; sourceTree = "<group>"; };
		D28EFBEC1CBE7F8C0012F8DB /* ViewController.h */ = {isa = PBXFileReference; lastKnownFileType = sourcecode.c.h; path = ViewController.h; sourceTree = "<group>"; };
		D28EFBED1CBE7F8C0012F8DB /* ViewController.m */ = {isa = PBXFileReference; lastKnownFileType = sourcecode.c.objc; path = ViewController.m; sourceTree = "<group>"; };
		D28EFBF01CBE7F8C0012F8DB /* Base */ = {isa = PBXFileReference; lastKnownFileType = file.storyboard; name = Base; path = Base.lproj/Main.storyboard; sourceTree = "<group>"; };
		D28EFBF21CBE7F8C0012F8DB /* Assets.xcassets */ = {isa = PBXFileReference; lastKnownFileType = folder.assetcatalog; path = Assets.xcassets; sourceTree = "<group>"; };
		D28EFBF51CBE7F8C0012F8DB /* Base */ = {isa = PBXFileReference; lastKnownFileType = file.storyboard; name = Base; path = Base.lproj/LaunchScreen.storyboard; sourceTree = "<group>"; };
		D28EFBF71CBE7F8C0012F8DB /* Info.plist */ = {isa = PBXFileReference; lastKnownFileType = text.plist.xml; path = Info.plist; sourceTree = "<group>"; };
		D28EFBFC1CBE7F8D0012F8DB /* io0ijnTests.xctest */ = {isa = PBXFileReference; explicitFileType = wrapper.cfbundle; includeInIndex = 0; path = io0ijnTests.xctest; sourceTree = BUILT_PRODUCTS_DIR; };
		D28EFC001CBE7F8D0012F8DB /* io0ijnTests.m */ = {isa = PBXFileReference; lastKnownFileType = sourcecode.c.objc; path = io0ijnTests.m; sourceTree = "<group>"; };
		D28EFC021CBE7F8D0012F8DB /* Info.plist */ = {isa = PBXFileReference; lastKnownFileType = text.plist.xml; path = Info.plist; sourceTree = "<group>"; };
		D28EFC071CBE7F8D0012F8DB /* io0ijnUITests.xctest */ = {isa = PBXFileReference; explicitFileType = wrapper.cfbundle; includeInIndex = 0; path = io0ijnUITests.xctest; sourceTree = BUILT_PRODUCTS_DIR; };
		D28EFC0B1CBE7F8D0012F8DB /* io0ijnUITests.m */ = {isa = PBXFileReference; lastKnownFileType = sourcecode.c.objc; path = io0ijnUITests.m; sourceTree = "<group>"; };
		D28EFC0D1CBE7F8D0012F8DB /* Info.plist */ = {isa = PBXFileReference; lastKnownFileType = text.plist.xml; path = Info.plist; sourceTree = "<group>"; };
/* End PBXFileReference section */

/* Begin PBXFrameworksBuildPhase section */
		D28EFBE01CBE7F8C0012F8DB /* Frameworks */ = {
			isa = PBXFrameworksBuildPhase;
			buildActionMask = 2147483647;
			files = (
			);
			runOnlyForDeploymentPostprocessing = 0;
		};
		D28EFBF91CBE7F8D0012F8DB /* Frameworks */ = {
			isa = PBXFrameworksBuildPhase;
			buildActionMask = 2147483647;
			files = (
			);
			runOnlyForDeploymentPostprocessing = 0;
		};
		D28EFC041CBE7F8D0012F8DB /* Frameworks */ = {
			isa = PBXFrameworksBuildPhase;
			buildActionMask = 2147483647;
			files = (
			);
			runOnlyForDeploymentPostprocessing = 0;
		};
/* End PBXFrameworksBuildPhase section */

/* Begin PBXGroup section */
		D28EFBDA1CBE7F8C0012F8DB = {
			isa = PBXGroup;
			children = (
				D28EFBE51CBE7F8C0012F8DB /* io0ijn */,
				D28EFBFF1CBE7F8D0012F8DB /* io0ijnTests */,
				D28EFC0A1CBE7F8D0012F8DB /* io0ijnUITests */,
				D28EFBE41CBE7F8C0012F8DB /* Products */,
			);
			sourceTree = "<group>";
		};
		D28EFBE41CBE7F8C0012F8DB /* Products */ = {
			isa = PBXGroup;
			children = (
				D28EFBE31CBE7F8C0012F8DB /* io0ijn.app */,
				D28EFBFC1CBE7F8D0012F8DB /* io0ijnTests.xctest */,
				D28EFC071CBE7F8D0012F8DB /* io0ijnUITests.xctest */,
			);
			name = Products;
			sourceTree = "<group>";
		};
		D28EFBE51CBE7F8C0012F8DB /* io0ijn */ = {
			isa = PBXGroup;
			children = (
				D28EFBE91CBE7F8C0012F8DB /* AppDelegate.h */,
				D28EFBEA1CBE7F8C0012F8DB /* AppDelegate.m */,
				D28EFBEC1CBE7F8C0012F8DB /* ViewController.h */,
				D28EFBED1CBE7F8C0012F8DB /* ViewController.m */,
				D28EFBEF1CBE7F8C0012F8DB /* Main.storyboard */,
				D28EFBF21CBE7F8C0012F8DB /* Assets.xcassets */,
				D28EFBF41CBE7F8C0012F8DB /* LaunchScreen.storyboard */,
				D28EFBF71CBE7F8C0012F8DB /* Info.plist */,
				D28EFBE61CBE7F8C0012F8DB /* Supporting Files */,
			);
			path = io0ijn;
			sourceTree = "<group>";
		};
		D28EFBE61CBE7F8C0012F8DB /* Supporting Files */ = {
			isa = PBXGroup;
			children = (
				D28EFBE71CBE7F8C0012F8DB /* main.m */,
			);
			name = "Supporting Files";
			sourceTree = "<group>";
		};
		D28EFBFF1CBE7F8D0012F8DB /* io0ijnTests */ = {
			isa = PBXGroup;
			children = (
				D28EFC001CBE7F8D0012F8DB /* io0ijnTests.m */,
				D28EFC021CBE7F8D0012F8DB /* Info.plist */,
			);
			path = io0ijnTests;
			sourceTree = "<group>";
		};
		D28EFC0A1CBE7F8D0012F8DB /* io0ijnUITests */ = {
			isa = PBXGroup;
			children = (
				D28EFC0B1CBE7F8D0012F8DB /* io0ijnUITests.m */,
				D28EFC0D1CBE7F8D0012F8DB /* Info.plist */,
			);
			path = io0ijnUITests;
			sourceTree = "<group>";
		};
/* End PBXGroup section */

/* Begin PBXNativeTarget section */
		D28EFBE21CBE7F8C0012F8DB /* io0ijn */ = {
			isa = PBXNativeTarget;
			buildConfigurationList = D28EFC101CBE7F8D0012F8DB /* Build configuration list for PBXNativeTarget "io0ijn" */;
			buildPhases = (
				D28EFBDF1CBE7F8C0012F8DB /* Sources */,
				D28EFBE01CBE7F8C0012F8DB /* Frameworks */,
				D28EFBE11CBE7F8C0012F8DB /* Resources */,
			);
			buildRules = (
			);
			dependencies = (
			);
			name = io0ijn;
			productName = io0ijn;
			productReference = D28EFBE31CBE7F8C0012F8DB /* io0ijn.app */;
			productType = "com.apple.product-type.application";
		};
		D28EFBFB1CBE7F8D0012F8DB /* io0ijnTests */ = {
			isa = PBXNativeTarget;
			buildConfigurationList = D28EFC131CBE7F8D0012F8DB /* Build configuration list for PBXNativeTarget "io0ijnTests" */;
			buildPhases = (
				D28EFBF81CBE7F8D0012F8DB /* Sources */,
				D28EFBF91CBE7F8D0012F8DB /* Frameworks */,
				D28EFBFA1CBE7F8D0012F8DB /* Resources */,
			);
			buildRules = (
			);
			dependencies = (
				D28EFBFE1CBE7F8D0012F8DB /* PBXTargetDependency */,
			);
			name = io0ijnTests;
			productName = io0ijnTests;
			productReference = D28EFBFC1CBE7F8D0012F8DB /* io0ijnTests.xctest */;
			productType = "com.apple.product-type.bundle.unit-test";
		};
		D28EFC061CBE7F8D0012F8DB /* io0ijnUITests */ = {
			isa = PBXNativeTarget;
			buildConfigurationList = D28EFC161CBE7F8D0012F8DB /* Build configuration list for PBXNativeTarget "io0ijnUITests" */;
			buildPhases = (
				D28EFC031CBE7F8D0012F8DB /* Sources */,
				D28EFC041CBE7F8D0012F8DB /* Frameworks */,
				D28EFC051CBE7F8D0012F8DB /* Resources */,
			);
			buildRules = (
			);
			dependencies = (
				D28EFC091CBE7F8D0012F8DB /* PBXTargetDependency */,
			);
			name = io0ijnUITests;
			productName = io0ijnUITests;
			productReference = D28EFC071CBE7F8D0012F8DB /* io0ijnUITests.xctest */;
			productType = "com.apple.product-type.bundle.ui-testing";
		};
/* End PBXNativeTarget section */

/* Begin PBXProject section */
		D28EFBDB1CBE7F8C0012F8DB /* Project object */ = {
			isa = PBXProject;
			attributes = {
				LastUpgradeCheck = 0730;
				ORGANIZATIONNAME = scjy;
				TargetAttributes = {
					D28EFBE21CBE7F8C0012F8DB = {
						CreatedOnToolsVersion = 7.3;
					};
					D28EFBFB1CBE7F8D0012F8DB = {
						CreatedOnToolsVersion = 7.3;
						TestTargetID = D28EFBE21CBE7F8C0012F8DB;
					};
					D28EFC061CBE7F8D0012F8DB = {
						CreatedOnToolsVersion = 7.3;
						TestTargetID = D28EFBE21CBE7F8C0012F8DB;
					};
				};
			};
			buildConfigurationList = D28EFBDE1CBE7F8C0012F8DB /* Build configuration list for PBXProject "io0ijn" */;
			compatibilityVersion = "Xcode 3.2";
			developmentRegion = English;
			hasScannedForEncodings = 0;
			knownRegions = (
				en,
				Base,
			);
			mainGroup = D28EFBDA1CBE7F8C0012F8DB;
			productRefGroup = D28EFBE41CBE7F8C0012F8DB /* Products */;
			projectDirPath = "";
			projectRoot = "";
			targets = (
				D28EFBE21CBE7F8C0012F8DB /* io0ijn */,
				D28EFBFB1CBE7F8D0012F8DB /* io0ijnTests */,
				D28EFC061CBE7F8D0012F8DB /* io0ijnUITests */,
			);
		};
/* End PBXProject section */

/* Begin PBXResourcesBuildPhase section */
		D28EFBE11CBE7F8C0012F8DB /* Resources */ = {
			isa = PBXResourcesBuildPhase;
			buildActionMask = 2147483647;
			files = (
				D28EFBF61CBE7F8C0012F8DB /* LaunchScreen.storyboard in Resources */,
				D28EFBF31CBE7F8C0012F8DB /* Assets.xcassets in Resources */,
				D28EFBF11CBE7F8C0012F8DB /* Main.storyboard in Resources */,
			);
			runOnlyForDeploymentPostprocessing = 0;
		};
		D28EFBFA1CBE7F8D0012F8DB /* Resources */ = {
			isa = PBXResourcesBuildPhase;
			buildActionMask = 2147483647;
			files = (
			);
			runOnlyForDeploymentPostprocessing = 0;
		};
		D28EFC051CBE7F8D0012F8DB /* Resources */ = {
			isa = PBXResourcesBuildPhase;
			buildActionMask = 2147483647;
			files = (
			);
			runOnlyForDeploymentPostprocessing = 0;
		};
/* End PBXResourcesBuildPhase section */

/* Begin PBXSourcesBuildPhase section */
		D28EFBDF1CBE7F8C0012F8DB /* Sources */ = {
			isa = PBXSourcesBuildPhase;
			buildActionMask = 2147483647;
			files = (
				D28EFBEE1CBE7F8C0012F8DB /* ViewController.m in Sources */,
				D28EFBEB1CBE7F8C0012F8DB /* AppDelegate.m in Sources */,
				D28EFBE81CBE7F8C0012F8DB /* main.m in Sources */,
			);
			runOnlyForDeploymentPostprocessing = 0;
		};
		D28EFBF81CBE7F8D0012F8DB /* Sources */ = {
			isa = PBXSourcesBuildPhase;
			buildActionMask = 2147483647;
			files = (
				D28EFC011CBE7F8D0012F8DB /* io0ijnTests.m in Sources */,
			);
			runOnlyForDeploymentPostprocessing = 0;
		};
		D28EFC031CBE7F8D0012F8DB /* Sources */ = {
			isa = PBXSourcesBuildPhase;
			buildActionMask = 2147483647;
			files = (
				D28EFC0C1CBE7F8D0012F8DB /* io0ijnUITests.m in Sources */,
			);
			runOnlyForDeploymentPostprocessing = 0;
		};
/* End PBXSourcesBuildPhase section */

/* Begin PBXTargetDependency section */
		D28EFBFE1CBE7F8D0012F8DB /* PBXTargetDependency */ = {
			isa = PBXTargetDependency;
			target = D28EFBE21CBE7F8C0012F8DB /* io0ijn */;
			targetProxy = D28EFBFD1CBE7F8D0012F8DB /* PBXContainerItemProxy */;
		};
		D28EFC091CBE7F8D0012F8DB /* PBXTargetDependency */ = {
			isa = PBXTargetDependency;
			target = D28EFBE21CBE7F8C0012F8DB /* io0ijn */;
			targetProxy = D28EFC081CBE7F8D0012F8DB /* PBXContainerItemProxy */;
		};
/* End PBXTargetDependency section */

/* Begin PBXVariantGroup section */
		D28EFBEF1CBE7F8C0012F8DB /* Main.storyboard */ = {
			isa = PBXVariantGroup;
			children = (
				D28EFBF01CBE7F8C0012F8DB /* Base */,
			);
			name = Main.storyboard;
			sourceTree = "<group>";
		};
		D28EFBF41CBE7F8C0012F8DB /* LaunchScreen.storyboard */ = {
			isa = PBXVariantGroup;
			children = (
				D28EFBF51CBE7F8C0012F8DB /* Base */,
			);
			name = LaunchScreen.storyboard;
			sourceTree = "<group>";
		};
/* End PBXVariantGroup section */

/* Begin XCBuildConfiguration section */
		D28EFC0E1CBE7F8D0012F8DB /* Debug */ = {
			isa = XCBuildConfiguration;
			buildSettings = {
				ALWAYS_SEARCH_USER_PATHS = NO;
				CLANG_ANALYZER_NONNULL = YES;
				CLANG_CXX_LANGUAGE_STANDARD = "gnu++0x";
				CLANG_CXX_LIBRARY = "libc++";
				CLANG_ENABLE_MODULES = YES;
				CLANG_ENABLE_OBJC_ARC = YES;
				CLANG_WARN_BOOL_CONVERSION = YES;
				CLANG_WARN_CONSTANT_CONVERSION = YES;
				CLANG_WARN_DIRECT_OBJC_ISA_USAGE = YES_ERROR;
				CLANG_WARN_EMPTY_BODY = YES;
				CLANG_WARN_ENUM_CONVERSION = YES;
				CLANG_WARN_INT_CONVERSION = YES;
				CLANG_WARN_OBJC_ROOT_CLASS = YES_ERROR;
				CLANG_WARN_UNREACHABLE_CODE = YES;
				CLANG_WARN__DUPLICATE_METHOD_MATCH = YES;
				"CODE_SIGN_IDENTITY[sdk=iphoneos*]" = "iPhone Developer";
				COPY_PHASE_STRIP = NO;
				DEBUG_INFORMATION_FORMAT = dwarf;
				ENABLE_STRICT_OBJC_MSGSEND = YES;
				ENABLE_TESTABILITY = YES;
				GCC_C_LANGUAGE_STANDARD = gnu99;
				GCC_DYNAMIC_NO_PIC = NO;
				GCC_NO_COMMON_BLOCKS = YES;
				GCC_OPTIMIZATION_LEVEL = 0;
				GCC_PREPROCESSOR_DEFINITIONS = (
					"DEBUG=1",
					"$(inherited)",
				);
				GCC_WARN_64_TO_32_BIT_CONVERSION = YES;
				GCC_WARN_ABOUT_RETURN_TYPE = YES_ERROR;
				GCC_WARN_UNDECLARED_SELECTOR = YES;
				GCC_WARN_UNINITIALIZED_AUTOS = YES_AGGRESSIVE;
				GCC_WARN_UNUSED_FUNCTION = YES;
				GCC_WARN_UNUSED_VARIABLE = YES;
				IPHONEOS_DEPLOYMENT_TARGET = 9.3;
				MTL_ENABLE_DEBUG_INFO = YES;
				ONLY_ACTIVE_ARCH = YES;
				SDKROOT = iphoneos;
			};
			name = Debug;
		};
		D28EFC0F1CBE7F8D0012F8DB /* Release */ = {
			isa = XCBuildConfiguration;
			buildSettings = {
				ALWAYS_SEARCH_USER_PATHS = NO;
				CLANG_ANALYZER_NONNULL = YES;
				CLANG_CXX_LANGUAGE_STANDARD = "gnu++0x";
				CLANG_CXX_LIBRARY = "libc++";
				CLANG_ENABLE_MODULES = YES;
				CLANG_ENABLE_OBJC_ARC = YES;
				CLANG_WARN_BOOL_CONVERSION = YES;
				CLANG_WARN_CONSTANT_CONVERSION = YES;
				CLANG_WARN_DIRECT_OBJC_ISA_USAGE = YES_ERROR;
				CLANG_WARN_EMPTY_BODY = YES;
				CLANG_WARN_ENUM_CONVERSION = YES;
				CLANG_WARN_INT_CONVERSION = YES;
				CLANG_WARN_OBJC_ROOT_CLASS = YES_ERROR;
				CLANG_WARN_UNREACHABLE_CODE = YES;
				CLANG_WARN__DUPLICATE_METHOD_MATCH = YES;
				"CODE_SIGN_IDENTITY[sdk=iphoneos*]" = "iPhone Developer";
				COPY_PHASE_STRIP = NO;
				DEBUG_INFORMATION_FORMAT = "dwarf-with-dsym";
				ENABLE_NS_ASSERTIONS = NO;
				ENABLE_STRICT_OBJC_MSGSEND = YES;
				GCC_C_LANGUAGE_STANDARD = gnu99;
				GCC_NO_COMMON_BLOCKS = YES;
				GCC_WARN_64_TO_32_BIT_CONVERSION = YES;
				GCC_WARN_ABOUT_RETURN_TYPE = YES_ERROR;
				GCC_WARN_UNDECLARED_SELECTOR = YES;
				GCC_WARN_UNINITIALIZED_AUTOS = YES_AGGRESSIVE;
				GCC_WARN_UNUSED_FUNCTION = YES;
				GCC_WARN_UNUSED_VARIABLE = YES;
				IPHONEOS_DEPLOYMENT_TARGET = 9.3;
				MTL_ENABLE_DEBUG_INFO = NO;
				SDKROOT = iphoneos;
				VALIDATE_PRODUCT = YES;
			};
			name = Release;
		};
		D28EFC111CBE7F8D0012F8DB /* Debug */ = {
			isa = XCBuildConfiguration;
			buildSettings = {
				ASSETCATALOG_COMPILER_APPICON_NAME = AppIcon;
				INFOPLIST_FILE = io0ijn/Info.plist;
				LD_RUNPATH_SEARCH_PATHS = "$(inherited) @executable_path/Frameworks";
				PRODUCT_BUNDLE_IDENTIFIER = com.scjy.net.io0ijn;
				PRODUCT_NAME = "$(TARGET_NAME)";
			};
			name = Debug;
		};
		D28EFC121CBE7F8D0012F8DB /* Release */ = {
			isa = XCBuildConfiguration;
			buildSettings = {
				ASSETCATALOG_COMPILER_APPICON_NAME = AppIcon;
				INFOPLIST_FILE = io0ijn/Info.plist;
				LD_RUNPATH_SEARCH_PATHS = "$(inherited) @executable_path/Frameworks";
				PRODUCT_BUNDLE_IDENTIFIER = com.scjy.net.io0ijn;
				PRODUCT_NAME = "$(TARGET_NAME)";
			};
			name = Release;
		};
		D28EFC141CBE7F8D0012F8DB /* Debug */ = {
			isa = XCBuildConfiguration;
			buildSettings = {
				BUNDLE_LOADER = "$(TEST_HOST)";
				INFOPLIST_FILE = io0ijnTests/Info.plist;
				LD_RUNPATH_SEARCH_PATHS = "$(inherited) @executable_path/Frameworks @loader_path/Frameworks";
				PRODUCT_BUNDLE_IDENTIFIER = com.scjy.net.io0ijnTests;
				PRODUCT_NAME = "$(TARGET_NAME)";
				TEST_HOST = "$(BUILT_PRODUCTS_DIR)/io0ijn.app/io0ijn";
			};
			name = Debug;
		};
		D28EFC151CBE7F8D0012F8DB /* Release */ = {
			isa = XCBuildConfiguration;
			buildSettings = {
				BUNDLE_LOADER = "$(TEST_HOST)";
				INFOPLIST_FILE = io0ijnTests/Info.plist;
				LD_RUNPATH_SEARCH_PATHS = "$(inherited) @executable_path/Frameworks @loader_path/Frameworks";
				PRODUCT_BUNDLE_IDENTIFIER = com.scjy.net.io0ijnTests;
				PRODUCT_NAME = "$(TARGET_NAME)";
				TEST_HOST = "$(BUILT_PRODUCTS_DIR)/io0ijn.app/io0ijn";
			};
			name = Release;
		};
		D28EFC171CBE7F8D0012F8DB /* Debug */ = {
			isa = XCBuildConfiguration;
			buildSettings = {
				INFOPLIST_FILE = io0ijnUITests/Info.plist;
				LD_RUNPATH_SEARCH_PATHS = "$(inherited) @executable_path/Frameworks @loader_path/Frameworks";
				PRODUCT_BUNDLE_IDENTIFIER = com.scjy.net.io0ijnUITests;
				PRODUCT_NAME = "$(TARGET_NAME)";
				TEST_TARGET_NAME = io0ijn;
			};
			name = Debug;
		};
		D28EFC181CBE7F8D0012F8DB /* Release */ = {
			isa = XCBuildConfiguration;
			buildSettings = {
				INFOPLIST_FILE = io0ijnUITests/Info.plist;
				LD_RUNPATH_SEARCH_PATHS = "$(inherited) @executable_path/Frameworks @loader_path/Frameworks";
				PRODUCT_BUNDLE_IDENTIFIER = com.scjy.net.io0ijnUITests;
				PRODUCT_NAME = "$(TARGET_NAME)";
				TEST_TARGET_NAME = io0ijn;
			};
			name = Release;
		};
/* End XCBuildConfiguration section */

/* Begin XCConfigurationList section */
		D28EFBDE1CBE7F8C0012F8DB /* Build configuration list for PBXProject "io0ijn" */ = {
			isa = XCConfigurationList;
			buildConfigurations = (
				D28EFC0E1CBE7F8D0012F8DB /* Debug */,
				D28EFC0F1CBE7F8D0012F8DB /* Release */,
			);
			defaultConfigurationIsVisible = 0;
			defaultConfigurationName = Release;
		};
		D28EFC101CBE7F8D0012F8DB /* Build configuration list for PBXNativeTarget "io0ijn" */ = {
			isa = XCConfigurationList;
			buildConfigurations = (
				D28EFC111CBE7F8D0012F8DB /* Debug */,
				D28EFC121CBE7F8D0012F8DB /* Release */,
			);
			defaultConfigurationIsVisible = 0;
		};
		D28EFC131CBE7F8D0012F8DB /* Build configuration list for PBXNativeTarget "io0ijnTests" */ = {
			isa = XCConfigurationList;
			buildConfigurations = (
				D28EFC141CBE7F8D0012F8DB /* Debug */,
				D28EFC151CBE7F8D0012F8DB /* Release */,
			);
			defaultConfigurationIsVisible = 0;
		};
		D28EFC161CBE7F8D0012F8DB /* Build configuration list for PBXNativeTarget "io0ijnUITests" */ = {
			isa = XCConfigurationList;
			buildConfigurations = (
				D28EFC171CBE7F8D0012F8DB /* Debug */,
				D28EFC181CBE7F8D0012F8DB /* Release */,
			);
			defaultConfigurationIsVisible = 0;
		};
/* End XCConfigurationList section */
	};
	rootObject = D28EFBDB1CBE7F8C0012F8DB /* Project object */;
}
